
Microsoft Visual Studio Solution File, Format Version 12.00
#
Project("{FAE04EC0-301F-11D3-BF4B-00C04F79EFBC}") = "Replacer", "src\Replacer\Replacer.csproj", "{F2C639B7-2AB5-4C36-AA57-2BBF114F250F}"
EndProject
Project("{2150E333-8FDC-42A3-9474-1A3956D46DE8}") = "test", "test", "{B430719B-ECA7-49DE-9234-447C0FB702EC}"
EndProject
Project("{FAE04EC0-301F-11D3-BF4B-00C04F79EFBC}") = "ReplacerUnitTests", "test\ReplacerUnitTests\ReplacerUnitTests.csproj", "{96ACF4A0-606D-4584-95B2-EC1216E12A31}"
EndProject
Project("{FAE04EC0-301F-11D3-BF4B-00C04F79EFBC}") = "ReplacerE2ETests", "test\ReplacerE2ETests\ReplacerE2ETests.csproj", "{13454EC7-9942-4AFA-9C87-7985C05888FD}"
EndProject
Project("{2150E333-8FDC-42A3-9474-1A3956D46DE8}") = "SolutionItems", "SolutionItems", "{AB6A92C3-8BDA-45FC-8665-AEE34F7391D9}"
	ProjectSection(SolutionItems) = preProject
		README.md = README.md
		LICENSE = LICENSE
		Directory.Build.props = Directory.Build.props
		.editorconfig = .editorconfig
		.gitattributes = .gitattributes
		.gitignore = .gitignore
	EndProjectSection
EndProject
Global
	GlobalSection(SolutionConfigurationPlatforms) = preSolution
		Debug|Any CPU = Debug|Any CPU
		Release|Any CPU = Release|Any CPU
	EndGlobalSection
	GlobalSection(ProjectConfigurationPlatforms) = postSolution
		{F2C639B7-2AB5-4C36-AA57-2BBF114F250F}.Debug|Any CPU.ActiveCfg = Debug|Any CPU
		{F2C639B7-2AB5-4C36-AA57-2BBF114F250F}.Debug|Any CPU.Build.0 = Debug|Any CPU
		{F2C639B7-2AB5-4C36-AA57-2BBF114F250F}.Release|Any CPU.ActiveCfg = Release|Any CPU
		{F2C639B7-2AB5-4C36-AA57-2BBF114F250F}.Release|Any CPU.Build.0 = Release|Any CPU
		{96ACF4A0-606D-4584-95B2-EC1216E12A31}.Debug|Any CPU.ActiveCfg = Debug|Any CPU
		{96ACF4A0-606D-4584-95B2-EC1216E12A31}.Debug|Any CPU.Build.0 = Debug|Any CPU
		{96ACF4A0-606D-4584-95B2-EC1216E12A31}.Release|Any CPU.ActiveCfg = Release|Any CPU
		{96ACF4A0-606D-4584-95B2-EC1216E12A31}.Release|Any CPU.Build.0 = Release|Any CPU
		{13454EC7-9942-4AFA-9C87-7985C05888FD}.Debug|Any CPU.ActiveCfg = Debug|Any CPU
		{13454EC7-9942-4AFA-9C87-7985C05888FD}.Debug|Any CPU.Build.0 = Debug|Any CPU
		{13454EC7-9942-4AFA-9C87-7985C05888FD}.Release|Any CPU.ActiveCfg = Release|Any CPU
		{13454EC7-9942-4AFA-9C87-7985C05888FD}.Release|Any CPU.Build.0 = Release|Any CPU
	EndGlobalSection
	GlobalSection(NestedProjects) = preSolution
		{96ACF4A0-606D-4584-95B2-EC1216E12A31} = {B430719B-ECA7-49DE-9234-447C0FB702EC}
		{13454EC7-9942-4AFA-9C87-7985C05888FD} = {B430719B-ECA7-49DE-9234-447C0FB702EC}
	EndGlobalSection
EndGlobal
