
Microsoft Visual Studio Solution File, Format Version 12.00
Project("{FAE04EC0-301F-11D3-BF4B-00C04F79EFBC}") = "Replacer", "src\Replacer\Replacer.csproj", "{F2C639B7-2AB5-4C36-AA57-2BBF114F250F}"
EndProject
Project("{2150E333-8FDC-42A3-9474-1A3956D46DE8}") = "test", "test", "{B430719B-ECA7-49DE-9234-447C0FB702EC}"
EndProject
Project("{FAE04EC0-301F-11D3-BF4B-00C04F79EFBC}") = "ReplacerTests", "test\ReplacerTests\ReplacerTests.csproj", "{96ACF4A0-606D-4584-95B2-EC1216E12A31}"
EndProject
Global
	GlobalSection(SolutionConfigurationPlatforms) = preSolution
		Debug|Any CPU = Debug|Any CPU
		Release|Any CPU = Release|Any CPU
	EndGlobalSection
	GlobalSection(ProjectConfigurationPlatforms) = postSolution
		{F2C639B7-2AB5-4C36-AA57-2BBF114F250F}.Debug|Any CPU.ActiveCfg = Debug|Any CPU
		{F2C639B7-2AB5-4C36-AA57-2BBF114F250F}.Debug|Any CPU.Build.0 = Debug|Any CPU
		{F2C639B7-2AB5-4C36-AA57-2BBF114F250F}.Release|Any CPU.ActiveCfg = Release|Any CPU
		{F2C639B7-2AB5-4C36-AA57-2BBF114F250F}.Release|Any CPU.Build.0 = Release|Any CPU
		{96ACF4A0-606D-4584-95B2-EC1216E12A31}.Debug|Any CPU.ActiveCfg = Debug|Any CPU
		{96ACF4A0-606D-4584-95B2-EC1216E12A31}.Debug|Any CPU.Build.0 = Debug|Any CPU
		{96ACF4A0-606D-4584-95B2-EC1216E12A31}.Release|Any CPU.ActiveCfg = Release|Any CPU
		{96ACF4A0-606D-4584-95B2-EC1216E12A31}.Release|Any CPU.Build.0 = Release|Any CPU
	EndGlobalSection
	GlobalSection(NestedProjects) = preSolution
		{96ACF4A0-606D-4584-95B2-EC1216E12A31} = {B430719B-ECA7-49DE-9234-447C0FB702EC}
	EndGlobalSection
EndGlobal
